
Microsoft Visual Studio Solution File, Format Version 12.00
# Visual Studio Version 17
VisualStudioVersion = 17.2.32602.215
MinimumVisualStudioVersion = 10.0.40219.1
Project("{FAE04EC0-301F-11D3-BF4B-00C04F79EFBC}") = "Are u dumb-", "Are u dumb-\Are u dumb-.csproj", "{9A6CC2C2-3509-4DA9-9B76-DA0008B5F878}"
EndProject
Global
	GlobalSection(SolutionConfigurationPlatforms) = preSolution
		Debug|Any CPU = Debug|Any CPU
		Release|Any CPU = Release|Any CPU
	EndGlobalSection
	GlobalSection(ProjectConfigurationPlatforms) = postSolution
		{9A6CC2C2-3509-4DA9-9B76-DA0008B5F878}.Debug|Any CPU.ActiveCfg = Debug|Any CPU
		{9A6CC2C2-3509-4DA9-9B76-DA0008B5F878}.Debug|Any CPU.Build.0 = Debug|Any CPU
		{9A6CC2C2-3509-4DA9-9B76-DA0008B5F878}.Release|Any CPU.ActiveCfg = Release|Any CPU
		{9A6CC2C2-3509-4DA9-9B76-DA0008B5F878}.Release|Any CPU.Build.0 = Release|Any CPU
	EndGlobalSection
	GlobalSection(SolutionProperties) = preSolution
		HideSolutionNode = FALSE
	EndGlobalSection
	GlobalSection(ExtensibilityGlobals) = postSolution
		SolutionGuid = {DC74261F-3107-461A-863A-9F0E79145028}
	EndGlobalSection
EndGlobal
